
Microsoft Visual Studio Solution File, Format Version 12.00
# Visual Studio 2013
VisualStudioVersion = 12.0.30723.0
MinimumVisualStudioVersion = 10.0.40219.1
Project("{FAE04EC0-301F-11D3-BF4B-00C04F79EFBC}") = "FRMC Kinect", "FRMC Kinect\FRMC Kinect.csproj", "{ADE8BFD8-6527-4DF8-820F-66CCD61FCC61}"
EndProject
Project("{FAE04EC0-301F-11D3-BF4B-00C04F79EFBC}") = "KinectFaceTracking2", "..\KinectFaceTracking2\KinectFaceTracking2\KinectFaceTracking2.csproj", "{DB9D60CB-401F-447D-BA41-8D315C3A8447}"
EndProject
Project("{FAE04EC0-301F-11D3-BF4B-00C04F79EFBC}") = "Bodytracker2", "..\Bodytracker2\Bodytracker2\Bodytracker2.csproj", "{BA054219-AFE3-4B92-8A39-336E4A500383}"
EndProject
Project("{FAE04EC0-301F-11D3-BF4B-00C04F79EFBC}") = "Bodytracer", "..\Bodytracer\Bodytracer\Bodytracer.csproj", "{E27920D7-B662-42C5-A992-9C36D5E5B220}"
EndProject
Project("{FAE04EC0-301F-11D3-BF4B-00C04F79EFBC}") = "ColorBasics-WPF", "..\..\Samples\ColorBasics-WPF\ColorBasics-WPF.csproj", "{4467C0A4-9040-48BF-B9B7-911A4148D013}"
EndProject
Project("{FAE04EC0-301F-11D3-BF4B-00C04F79EFBC}") = "BodyIndexBasics-WPF", "..\..\Samples\BodyIndexBasics-WPF\BodyIndexBasics-WPF.csproj", "{A979DC2F-45C6-4141-9A15-E7540A069709}"
EndProject
Project("{FAE04EC0-301F-11D3-BF4B-00C04F79EFBC}") = "CoordinateMappingBasics-WPF", "..\..\Samples\CoordinateMappingBasics-WPF\CoordinateMappingBasics-WPF.csproj", "{4BB6C393-9003-4608-BD70-F3FDA26378AA}"
EndProject
Project("{FAE04EC0-301F-11D3-BF4B-00C04F79EFBC}") = "FaceBasics-WPF", "..\..\Samples\FaceBasics-WPF\FaceBasics-WPF.csproj", "{269A7B21-FBFE-4E7A-8BBE-C8DE2EC0D833}"
EndProject
Project("{FAE04EC0-301F-11D3-BF4B-00C04F79EFBC}") = "ConnectToMySQL", "..\ConnectToMySQL\ConnectToMySQL\ConnectToMySQL.csproj", "{8826C54B-112C-4B3C-AA2A-865E8B41B186}"
EndProject
Project("{FAE04EC0-301F-11D3-BF4B-00C04F79EFBC}") = "LoadPictureInMySQL", "..\LoadPictureInMySQL\LoadPictureInMySQL\LoadPictureInMySQL.csproj", "{D547CBA3-AE61-411B-8A62-BCBEEEEDC274}"
EndProject
Global
	GlobalSection(SolutionConfigurationPlatforms) = preSolution
		Debug|Any CPU = Debug|Any CPU
		Debug|Mixed Platforms = Debug|Mixed Platforms
		Debug|x64 = Debug|x64
		Debug|x86 = Debug|x86
		Release|Any CPU = Release|Any CPU
		Release|Mixed Platforms = Release|Mixed Platforms
		Release|x64 = Release|x64
		Release|x86 = Release|x86
	EndGlobalSection
	GlobalSection(ProjectConfigurationPlatforms) = postSolution
		{ADE8BFD8-6527-4DF8-820F-66CCD61FCC61}.Debug|Any CPU.ActiveCfg = Debug|Any CPU
		{ADE8BFD8-6527-4DF8-820F-66CCD61FCC61}.Debug|Any CPU.Build.0 = Debug|Any CPU
		{ADE8BFD8-6527-4DF8-820F-66CCD61FCC61}.Debug|Mixed Platforms.ActiveCfg = Debug|Any CPU
		{ADE8BFD8-6527-4DF8-820F-66CCD61FCC61}.Debug|Mixed Platforms.Build.0 = Debug|Any CPU
		{ADE8BFD8-6527-4DF8-820F-66CCD61FCC61}.Debug|x64.ActiveCfg = Debug|Any CPU
		{ADE8BFD8-6527-4DF8-820F-66CCD61FCC61}.Debug|x86.ActiveCfg = Debug|Any CPU
		{ADE8BFD8-6527-4DF8-820F-66CCD61FCC61}.Release|Any CPU.ActiveCfg = Release|Any CPU
		{ADE8BFD8-6527-4DF8-820F-66CCD61FCC61}.Release|Any CPU.Build.0 = Release|Any CPU
		{ADE8BFD8-6527-4DF8-820F-66CCD61FCC61}.Release|Mixed Platforms.ActiveCfg = Release|Any CPU
		{ADE8BFD8-6527-4DF8-820F-66CCD61FCC61}.Release|Mixed Platforms.Build.0 = Release|Any CPU
		{ADE8BFD8-6527-4DF8-820F-66CCD61FCC61}.Release|x64.ActiveCfg = Release|Any CPU
		{ADE8BFD8-6527-4DF8-820F-66CCD61FCC61}.Release|x86.ActiveCfg = Release|Any CPU
		{DB9D60CB-401F-447D-BA41-8D315C3A8447}.Debug|Any CPU.ActiveCfg = Debug|Any CPU
		{DB9D60CB-401F-447D-BA41-8D315C3A8447}.Debug|Any CPU.Build.0 = Debug|Any CPU
		{DB9D60CB-401F-447D-BA41-8D315C3A8447}.Debug|Mixed Platforms.ActiveCfg = Debug|Any CPU
		{DB9D60CB-401F-447D-BA41-8D315C3A8447}.Debug|Mixed Platforms.Build.0 = Debug|Any CPU
		{DB9D60CB-401F-447D-BA41-8D315C3A8447}.Debug|x64.ActiveCfg = Debug|Any CPU
		{DB9D60CB-401F-447D-BA41-8D315C3A8447}.Debug|x86.ActiveCfg = Debug|Any CPU
		{DB9D60CB-401F-447D-BA41-8D315C3A8447}.Release|Any CPU.ActiveCfg = Release|Any CPU
		{DB9D60CB-401F-447D-BA41-8D315C3A8447}.Release|Any CPU.Build.0 = Release|Any CPU
		{DB9D60CB-401F-447D-BA41-8D315C3A8447}.Release|Mixed Platforms.ActiveCfg = Release|Any CPU
		{DB9D60CB-401F-447D-BA41-8D315C3A8447}.Release|Mixed Platforms.Build.0 = Release|Any CPU
		{DB9D60CB-401F-447D-BA41-8D315C3A8447}.Release|x64.ActiveCfg = Release|Any CPU
		{DB9D60CB-401F-447D-BA41-8D315C3A8447}.Release|x86.ActiveCfg = Release|Any CPU
		{BA054219-AFE3-4B92-8A39-336E4A500383}.Debug|Any CPU.ActiveCfg = Debug|Any CPU
		{BA054219-AFE3-4B92-8A39-336E4A500383}.Debug|Any CPU.Build.0 = Debug|Any CPU
		{BA054219-AFE3-4B92-8A39-336E4A500383}.Debug|Mixed Platforms.ActiveCfg = Debug|Any CPU
		{BA054219-AFE3-4B92-8A39-336E4A500383}.Debug|Mixed Platforms.Build.0 = Debug|Any CPU
		{BA054219-AFE3-4B92-8A39-336E4A500383}.Debug|x64.ActiveCfg = Debug|Any CPU
		{BA054219-AFE3-4B92-8A39-336E4A500383}.Debug|x86.ActiveCfg = Debug|Any CPU
		{BA054219-AFE3-4B92-8A39-336E4A500383}.Release|Any CPU.ActiveCfg = Release|Any CPU
		{BA054219-AFE3-4B92-8A39-336E4A500383}.Release|Any CPU.Build.0 = Release|Any CPU
		{BA054219-AFE3-4B92-8A39-336E4A500383}.Release|Mixed Platforms.ActiveCfg = Release|Any CPU
		{BA054219-AFE3-4B92-8A39-336E4A500383}.Release|Mixed Platforms.Build.0 = Release|Any CPU
		{BA054219-AFE3-4B92-8A39-336E4A500383}.Release|x64.ActiveCfg = Release|Any CPU
		{BA054219-AFE3-4B92-8A39-336E4A500383}.Release|x86.ActiveCfg = Release|Any CPU
		{E27920D7-B662-42C5-A992-9C36D5E5B220}.Debug|Any CPU.ActiveCfg = Debug|Any CPU
		{E27920D7-B662-42C5-A992-9C36D5E5B220}.Debug|Any CPU.Build.0 = Debug|Any CPU
		{E27920D7-B662-42C5-A992-9C36D5E5B220}.Debug|Mixed Platforms.ActiveCfg = Debug|Any CPU
		{E27920D7-B662-42C5-A992-9C36D5E5B220}.Debug|Mixed Platforms.Build.0 = Debug|Any CPU
		{E27920D7-B662-42C5-A992-9C36D5E5B220}.Debug|x64.ActiveCfg = Debug|Any CPU
		{E27920D7-B662-42C5-A992-9C36D5E5B220}.Debug|x86.ActiveCfg = Debug|Any CPU
		{E27920D7-B662-42C5-A992-9C36D5E5B220}.Release|Any CPU.ActiveCfg = Release|Any CPU
		{E27920D7-B662-42C5-A992-9C36D5E5B220}.Release|Any CPU.Build.0 = Release|Any CPU
		{E27920D7-B662-42C5-A992-9C36D5E5B220}.Release|Mixed Platforms.ActiveCfg = Release|Any CPU
		{E27920D7-B662-42C5-A992-9C36D5E5B220}.Release|Mixed Platforms.Build.0 = Release|Any CPU
		{E27920D7-B662-42C5-A992-9C36D5E5B220}.Release|x64.ActiveCfg = Release|Any CPU
		{E27920D7-B662-42C5-A992-9C36D5E5B220}.Release|x86.ActiveCfg = Release|Any CPU
		{4467C0A4-9040-48BF-B9B7-911A4148D013}.Debug|Any CPU.ActiveCfg = Debug|Any CPU
		{4467C0A4-9040-48BF-B9B7-911A4148D013}.Debug|Any CPU.Build.0 = Debug|Any CPU
		{4467C0A4-9040-48BF-B9B7-911A4148D013}.Debug|Mixed Platforms.ActiveCfg = Debug|Any CPU
		{4467C0A4-9040-48BF-B9B7-911A4148D013}.Debug|Mixed Platforms.Build.0 = Debug|Any CPU
		{4467C0A4-9040-48BF-B9B7-911A4148D013}.Debug|x64.ActiveCfg = Debug|Any CPU
		{4467C0A4-9040-48BF-B9B7-911A4148D013}.Debug|x86.ActiveCfg = Debug|Any CPU
		{4467C0A4-9040-48BF-B9B7-911A4148D013}.Release|Any CPU.ActiveCfg = Release|Any CPU
		{4467C0A4-9040-48BF-B9B7-911A4148D013}.Release|Any CPU.Build.0 = Release|Any CPU
		{4467C0A4-9040-48BF-B9B7-911A4148D013}.Release|Mixed Platforms.ActiveCfg = Release|Any CPU
		{4467C0A4-9040-48BF-B9B7-911A4148D013}.Release|Mixed Platforms.Build.0 = Release|Any CPU
		{4467C0A4-9040-48BF-B9B7-911A4148D013}.Release|x64.ActiveCfg = Release|Any CPU
		{4467C0A4-9040-48BF-B9B7-911A4148D013}.Release|x86.ActiveCfg = Release|Any CPU
		{A979DC2F-45C6-4141-9A15-E7540A069709}.Debug|Any CPU.ActiveCfg = Debug|Any CPU
		{A979DC2F-45C6-4141-9A15-E7540A069709}.Debug|Any CPU.Build.0 = Debug|Any CPU
		{A979DC2F-45C6-4141-9A15-E7540A069709}.Debug|Mixed Platforms.ActiveCfg = Debug|Any CPU
		{A979DC2F-45C6-4141-9A15-E7540A069709}.Debug|Mixed Platforms.Build.0 = Debug|Any CPU
		{A979DC2F-45C6-4141-9A15-E7540A069709}.Debug|x64.ActiveCfg = Debug|Any CPU
		{A979DC2F-45C6-4141-9A15-E7540A069709}.Debug|x86.ActiveCfg = Debug|Any CPU
		{A979DC2F-45C6-4141-9A15-E7540A069709}.Release|Any CPU.ActiveCfg = Release|Any CPU
		{A979DC2F-45C6-4141-9A15-E7540A069709}.Release|Any CPU.Build.0 = Release|Any CPU
		{A979DC2F-45C6-4141-9A15-E7540A069709}.Release|Mixed Platforms.ActiveCfg = Release|Any CPU
		{A979DC2F-45C6-4141-9A15-E7540A069709}.Release|Mixed Platforms.Build.0 = Release|Any CPU
		{A979DC2F-45C6-4141-9A15-E7540A069709}.Release|x64.ActiveCfg = Release|Any CPU
		{A979DC2F-45C6-4141-9A15-E7540A069709}.Release|x86.ActiveCfg = Release|Any CPU
		{4BB6C393-9003-4608-BD70-F3FDA26378AA}.Debug|Any CPU.ActiveCfg = Debug|Any CPU
		{4BB6C393-9003-4608-BD70-F3FDA26378AA}.Debug|Any CPU.Build.0 = Debug|Any CPU
		{4BB6C393-9003-4608-BD70-F3FDA26378AA}.Debug|Mixed Platforms.ActiveCfg = Debug|x86
		{4BB6C393-9003-4608-BD70-F3FDA26378AA}.Debug|Mixed Platforms.Build.0 = Debug|x86
		{4BB6C393-9003-4608-BD70-F3FDA26378AA}.Debug|x64.ActiveCfg = Debug|Any CPU
		{4BB6C393-9003-4608-BD70-F3FDA26378AA}.Debug|x86.ActiveCfg = Debug|x86
		{4BB6C393-9003-4608-BD70-F3FDA26378AA}.Debug|x86.Build.0 = Debug|x86
		{4BB6C393-9003-4608-BD70-F3FDA26378AA}.Release|Any CPU.ActiveCfg = Release|Any CPU
		{4BB6C393-9003-4608-BD70-F3FDA26378AA}.Release|Any CPU.Build.0 = Release|Any CPU
		{4BB6C393-9003-4608-BD70-F3FDA26378AA}.Release|Mixed Platforms.ActiveCfg = Release|x86
		{4BB6C393-9003-4608-BD70-F3FDA26378AA}.Release|Mixed Platforms.Build.0 = Release|x86
		{4BB6C393-9003-4608-BD70-F3FDA26378AA}.Release|x64.ActiveCfg = Release|Any CPU
		{4BB6C393-9003-4608-BD70-F3FDA26378AA}.Release|x86.ActiveCfg = Release|x86
		{4BB6C393-9003-4608-BD70-F3FDA26378AA}.Release|x86.Build.0 = Release|x86
		{269A7B21-FBFE-4E7A-8BBE-C8DE2EC0D833}.Debug|Any CPU.ActiveCfg = Debug|x86
		{269A7B21-FBFE-4E7A-8BBE-C8DE2EC0D833}.Debug|Mixed Platforms.ActiveCfg = Debug|x86
		{269A7B21-FBFE-4E7A-8BBE-C8DE2EC0D833}.Debug|Mixed Platforms.Build.0 = Debug|x86
		{269A7B21-FBFE-4E7A-8BBE-C8DE2EC0D833}.Debug|x64.ActiveCfg = Debug|x64
		{269A7B21-FBFE-4E7A-8BBE-C8DE2EC0D833}.Debug|x64.Build.0 = Debug|x64
		{269A7B21-FBFE-4E7A-8BBE-C8DE2EC0D833}.Debug|x86.ActiveCfg = Debug|x86
		{269A7B21-FBFE-4E7A-8BBE-C8DE2EC0D833}.Debug|x86.Build.0 = Debug|x86
		{269A7B21-FBFE-4E7A-8BBE-C8DE2EC0D833}.Release|Any CPU.ActiveCfg = Release|x86
		{269A7B21-FBFE-4E7A-8BBE-C8DE2EC0D833}.Release|Mixed Platforms.ActiveCfg = Release|x86
		{269A7B21-FBFE-4E7A-8BBE-C8DE2EC0D833}.Release|Mixed Platforms.Build.0 = Release|x86
		{269A7B21-FBFE-4E7A-8BBE-C8DE2EC0D833}.Release|x64.ActiveCfg = Release|x64
		{269A7B21-FBFE-4E7A-8BBE-C8DE2EC0D833}.Release|x64.Build.0 = Release|x64
		{269A7B21-FBFE-4E7A-8BBE-C8DE2EC0D833}.Release|x86.ActiveCfg = Release|x86
		{269A7B21-FBFE-4E7A-8BBE-C8DE2EC0D833}.Release|x86.Build.0 = Release|x86
		{8826C54B-112C-4B3C-AA2A-865E8B41B186}.Debug|Any CPU.ActiveCfg = Debug|Any CPU
		{8826C54B-112C-4B3C-AA2A-865E8B41B186}.Debug|Any CPU.Build.0 = Debug|Any CPU
		{8826C54B-112C-4B3C-AA2A-865E8B41B186}.Debug|Mixed Platforms.ActiveCfg = Debug|Any CPU
		{8826C54B-112C-4B3C-AA2A-865E8B41B186}.Debug|Mixed Platforms.Build.0 = Debug|Any CPU
		{8826C54B-112C-4B3C-AA2A-865E8B41B186}.Debug|x64.ActiveCfg = Debug|Any CPU
		{8826C54B-112C-4B3C-AA2A-865E8B41B186}.Debug|x86.ActiveCfg = Debug|Any CPU
		{8826C54B-112C-4B3C-AA2A-865E8B41B186}.Release|Any CPU.ActiveCfg = Release|Any CPU
		{8826C54B-112C-4B3C-AA2A-865E8B41B186}.Release|Any CPU.Build.0 = Release|Any CPU
		{8826C54B-112C-4B3C-AA2A-865E8B41B186}.Release|Mixed Platforms.ActiveCfg = Release|Any CPU
		{8826C54B-112C-4B3C-AA2A-865E8B41B186}.Release|Mixed Platforms.Build.0 = Release|Any CPU
		{8826C54B-112C-4B3C-AA2A-865E8B41B186}.Release|x64.ActiveCfg = Release|Any CPU
		{8826C54B-112C-4B3C-AA2A-865E8B41B186}.Release|x86.ActiveCfg = Release|Any CPU
		{D547CBA3-AE61-411B-8A62-BCBEEEEDC274}.Debug|Any CPU.ActiveCfg = Debug|Any CPU
		{D547CBA3-AE61-411B-8A62-BCBEEEEDC274}.Debug|Any CPU.Build.0 = Debug|Any CPU
		{D547CBA3-AE61-411B-8A62-BCBEEEEDC274}.Debug|Mixed Platforms.ActiveCfg = Debug|Any CPU
		{D547CBA3-AE61-411B-8A62-BCBEEEEDC274}.Debug|Mixed Platforms.Build.0 = Debug|Any CPU
		{D547CBA3-AE61-411B-8A62-BCBEEEEDC274}.Debug|x64.ActiveCfg = Debug|Any CPU
		{D547CBA3-AE61-411B-8A62-BCBEEEEDC274}.Debug|x86.ActiveCfg = Debug|Any CPU
		{D547CBA3-AE61-411B-8A62-BCBEEEEDC274}.Release|Any CPU.ActiveCfg = Release|Any CPU
		{D547CBA3-AE61-411B-8A62-BCBEEEEDC274}.Release|Any CPU.Build.0 = Release|Any CPU
		{D547CBA3-AE61-411B-8A62-BCBEEEEDC274}.Release|Mixed Platforms.ActiveCfg = Release|Any CPU
		{D547CBA3-AE61-411B-8A62-BCBEEEEDC274}.Release|Mixed Platforms.Build.0 = Release|Any CPU
		{D547CBA3-AE61-411B-8A62-BCBEEEEDC274}.Release|x64.ActiveCfg = Release|Any CPU
		{D547CBA3-AE61-411B-8A62-BCBEEEEDC274}.Release|x86.ActiveCfg = Release|Any CPU
	EndGlobalSection
	GlobalSection(SolutionProperties) = preSolution
		HideSolutionNode = FALSE
	EndGlobalSection
EndGlobal
